dependencies:
  espressif/esp-dsp:
    component_hash: 3e7bbd487f1357a1d4944d0c85966d049501ea281b8a4c7f93f7cfedd5b7f23d
    dependencies:
    - name: idf
      require: private
      version: '>=4.2'
    source:
      registry_url: https://components.espressif.com/
      type: service
    version: 1.4.12
  idf:
    source:
      type: idf
    version: 5.5.3
direct_dependencies:
- espressif/esp-dsp
manifest_hash: 985744753c9e88e7e1fbfb56faf52322dc210df2643802dc6d348acf4a546a17
target: esp32s3
version: 2.0.0
